
Microsoft Visual Studio Solution File, Format Version 12.00
# Visual Studio 15
Project("{2150E333-8FDC-42A3-9474-1A3956D46DE8}") = "sample", "sample", "{6886FA02-273C-4C27-BFD9-1A1FA2668699}"
EndProject
Project("{2150E333-8FDC-42A3-9474-1A3956D46DE8}") = "src", "src", "{DF360C9F-3983-46E2-BF93-F46A6E1C951F}"
EndProject
Project("{FAE04EC0-301F-11D3-BF4B-00C04F79EFBC}") = "DataTheorem.TrustKit.Net.Android", "src\DataTheorem.TrustKit.Net.Android\DataTheorem.TrustKit.Net.Android.csproj", "{E9E31164-0CDC-4A33-ADFA-13A81FEAA0A2}"
EndProject
Project("{FAE04EC0-301F-11D3-BF4B-00C04F79EFBC}") = "DataTheorem.TrustKit.Net.Android.Bindings", "src\DataTheorem.TrustKit.Net.Android.Bindings\DataTheorem.TrustKit.Net.Android.Bindings.csproj", "{BBB51D3E-95BA-48AE-8420-14BDBABD2291}"
EndProject
Project("{FAE04EC0-301F-11D3-BF4B-00C04F79EFBC}") = "DataTheorem.TrustKit.Net.Core", "src\DataTheorem.TrustKit.Net.Core\DataTheorem.TrustKit.Net.Core.csproj", "{A2E1C14C-750B-4342-A308-497D7125B00E}"
EndProject
Project("{FAE04EC0-301F-11D3-BF4B-00C04F79EFBC}") = "DataTheorem.TrustKit.Net.iOS", "src\DataTheorem.TrustKit.Net.iOS\DataTheorem.TrustKit.Net.iOS.csproj", "{A02D6E78-9356-4097-854E-0E3AFA9271DF}"
EndProject
Project("{FAE04EC0-301F-11D3-BF4B-00C04F79EFBC}") = "DataTheorem.TrustKit.Net.iOS.Bindings", "src\DataTheorem.TrustKit.Net.iOS.Bindings\DataTheorem.TrustKit.Net.iOS.Bindings.csproj", "{B47A4DC4-0F65-42FC-B4E7-2374AE36A34F}"
EndProject
Project("{FAE04EC0-301F-11D3-BF4B-00C04F79EFBC}") = "DataTheorem.TrustKit.Maui", "sample\DataTheorem.TrustKit.Maui\DataTheorem.TrustKit.Maui.csproj", "{EB865B0E-BFCF-4072-9091-0F518CB7AF53}"
EndProject
Global
	GlobalSection(SolutionConfigurationPlatforms) = preSolution
		Debug|Any CPU = Debug|Any CPU
		Release|Any CPU = Release|Any CPU
		Debug|iPhoneSimulator = Debug|iPhoneSimulator
		Release|iPhoneSimulator = Release|iPhoneSimulator
		Debug|iPhone = Debug|iPhone
		Release|iPhone = Release|iPhone
	EndGlobalSection
	GlobalSection(ProjectConfigurationPlatforms) = postSolution
		{E9E31164-0CDC-4A33-ADFA-13A81FEAA0A2}.Debug|Any CPU.ActiveCfg = Debug|Any CPU
		{E9E31164-0CDC-4A33-ADFA-13A81FEAA0A2}.Debug|Any CPU.Build.0 = Debug|Any CPU
		{E9E31164-0CDC-4A33-ADFA-13A81FEAA0A2}.Release|Any CPU.ActiveCfg = Release|Any CPU
		{E9E31164-0CDC-4A33-ADFA-13A81FEAA0A2}.Release|Any CPU.Build.0 = Release|Any CPU
		{E9E31164-0CDC-4A33-ADFA-13A81FEAA0A2}.Debug|iPhoneSimulator.ActiveCfg = Debug|Any CPU
		{E9E31164-0CDC-4A33-ADFA-13A81FEAA0A2}.Debug|iPhoneSimulator.Build.0 = Debug|Any CPU
		{E9E31164-0CDC-4A33-ADFA-13A81FEAA0A2}.Release|iPhoneSimulator.ActiveCfg = Release|Any CPU
		{E9E31164-0CDC-4A33-ADFA-13A81FEAA0A2}.Release|iPhoneSimulator.Build.0 = Release|Any CPU
		{E9E31164-0CDC-4A33-ADFA-13A81FEAA0A2}.Debug|iPhone.ActiveCfg = Debug|Any CPU
		{E9E31164-0CDC-4A33-ADFA-13A81FEAA0A2}.Debug|iPhone.Build.0 = Debug|Any CPU
		{E9E31164-0CDC-4A33-ADFA-13A81FEAA0A2}.Release|iPhone.ActiveCfg = Release|Any CPU
		{E9E31164-0CDC-4A33-ADFA-13A81FEAA0A2}.Release|iPhone.Build.0 = Release|Any CPU
		{BBB51D3E-95BA-48AE-8420-14BDBABD2291}.Debug|Any CPU.ActiveCfg = Debug|Any CPU
		{BBB51D3E-95BA-48AE-8420-14BDBABD2291}.Debug|Any CPU.Build.0 = Debug|Any CPU
		{BBB51D3E-95BA-48AE-8420-14BDBABD2291}.Release|Any CPU.ActiveCfg = Release|Any CPU
		{BBB51D3E-95BA-48AE-8420-14BDBABD2291}.Release|Any CPU.Build.0 = Release|Any CPU
		{BBB51D3E-95BA-48AE-8420-14BDBABD2291}.Debug|iPhoneSimulator.ActiveCfg = Debug|Any CPU
		{BBB51D3E-95BA-48AE-8420-14BDBABD2291}.Debug|iPhoneSimulator.Build.0 = Debug|Any CPU
		{BBB51D3E-95BA-48AE-8420-14BDBABD2291}.Release|iPhoneSimulator.ActiveCfg = Release|Any CPU
		{BBB51D3E-95BA-48AE-8420-14BDBABD2291}.Release|iPhoneSimulator.Build.0 = Release|Any CPU
		{BBB51D3E-95BA-48AE-8420-14BDBABD2291}.Debug|iPhone.ActiveCfg = Debug|Any CPU
		{BBB51D3E-95BA-48AE-8420-14BDBABD2291}.Debug|iPhone.Build.0 = Debug|Any CPU
		{BBB51D3E-95BA-48AE-8420-14BDBABD2291}.Release|iPhone.ActiveCfg = Release|Any CPU
		{BBB51D3E-95BA-48AE-8420-14BDBABD2291}.Release|iPhone.Build.0 = Release|Any CPU
		{A2E1C14C-750B-4342-A308-497D7125B00E}.Debug|Any CPU.ActiveCfg = Debug|Any CPU
		{A2E1C14C-750B-4342-A308-497D7125B00E}.Debug|Any CPU.Build.0 = Debug|Any CPU
		{A2E1C14C-750B-4342-A308-497D7125B00E}.Release|Any CPU.ActiveCfg = Release|Any CPU
		{A2E1C14C-750B-4342-A308-497D7125B00E}.Release|Any CPU.Build.0 = Release|Any CPU
		{A2E1C14C-750B-4342-A308-497D7125B00E}.Debug|iPhoneSimulator.ActiveCfg = Debug|Any CPU
		{A2E1C14C-750B-4342-A308-497D7125B00E}.Debug|iPhoneSimulator.Build.0 = Debug|Any CPU
		{A2E1C14C-750B-4342-A308-497D7125B00E}.Release|iPhoneSimulator.ActiveCfg = Release|Any CPU
		{A2E1C14C-750B-4342-A308-497D7125B00E}.Release|iPhoneSimulator.Build.0 = Release|Any CPU
		{A2E1C14C-750B-4342-A308-497D7125B00E}.Debug|iPhone.ActiveCfg = Debug|Any CPU
		{A2E1C14C-750B-4342-A308-497D7125B00E}.Debug|iPhone.Build.0 = Debug|Any CPU
		{A2E1C14C-750B-4342-A308-497D7125B00E}.Release|iPhone.ActiveCfg = Release|Any CPU
		{A2E1C14C-750B-4342-A308-497D7125B00E}.Release|iPhone.Build.0 = Release|Any CPU
		{A02D6E78-9356-4097-854E-0E3AFA9271DF}.Debug|Any CPU.ActiveCfg = Debug|Any CPU
		{A02D6E78-9356-4097-854E-0E3AFA9271DF}.Debug|Any CPU.Build.0 = Debug|Any CPU
		{A02D6E78-9356-4097-854E-0E3AFA9271DF}.Release|Any CPU.ActiveCfg = Release|Any CPU
		{A02D6E78-9356-4097-854E-0E3AFA9271DF}.Release|Any CPU.Build.0 = Release|Any CPU
		{A02D6E78-9356-4097-854E-0E3AFA9271DF}.Debug|iPhoneSimulator.ActiveCfg = Debug|Any CPU
		{A02D6E78-9356-4097-854E-0E3AFA9271DF}.Debug|iPhoneSimulator.Build.0 = Debug|Any CPU
		{A02D6E78-9356-4097-854E-0E3AFA9271DF}.Release|iPhoneSimulator.ActiveCfg = Release|Any CPU
		{A02D6E78-9356-4097-854E-0E3AFA9271DF}.Release|iPhoneSimulator.Build.0 = Release|Any CPU
		{A02D6E78-9356-4097-854E-0E3AFA9271DF}.Debug|iPhone.ActiveCfg = Debug|Any CPU
		{A02D6E78-9356-4097-854E-0E3AFA9271DF}.Debug|iPhone.Build.0 = Debug|Any CPU
		{A02D6E78-9356-4097-854E-0E3AFA9271DF}.Release|iPhone.ActiveCfg = Release|Any CPU
		{A02D6E78-9356-4097-854E-0E3AFA9271DF}.Release|iPhone.Build.0 = Release|Any CPU
		{B47A4DC4-0F65-42FC-B4E7-2374AE36A34F}.Debug|Any CPU.ActiveCfg = Debug|Any CPU
		{B47A4DC4-0F65-42FC-B4E7-2374AE36A34F}.Debug|Any CPU.Build.0 = Debug|Any CPU
		{B47A4DC4-0F65-42FC-B4E7-2374AE36A34F}.Release|Any CPU.ActiveCfg = Release|Any CPU
		{B47A4DC4-0F65-42FC-B4E7-2374AE36A34F}.Release|Any CPU.Build.0 = Release|Any CPU
		{B47A4DC4-0F65-42FC-B4E7-2374AE36A34F}.Debug|iPhoneSimulator.ActiveCfg = Debug|Any CPU
		{B47A4DC4-0F65-42FC-B4E7-2374AE36A34F}.Debug|iPhoneSimulator.Build.0 = Debug|Any CPU
		{B47A4DC4-0F65-42FC-B4E7-2374AE36A34F}.Release|iPhoneSimulator.ActiveCfg = Release|Any CPU
		{B47A4DC4-0F65-42FC-B4E7-2374AE36A34F}.Release|iPhoneSimulator.Build.0 = Release|Any CPU
		{B47A4DC4-0F65-42FC-B4E7-2374AE36A34F}.Debug|iPhone.ActiveCfg = Debug|Any CPU
		{B47A4DC4-0F65-42FC-B4E7-2374AE36A34F}.Debug|iPhone.Build.0 = Debug|Any CPU
		{B47A4DC4-0F65-42FC-B4E7-2374AE36A34F}.Release|iPhone.ActiveCfg = Release|Any CPU
		{B47A4DC4-0F65-42FC-B4E7-2374AE36A34F}.Release|iPhone.Build.0 = Release|Any CPU
		{EB865B0E-BFCF-4072-9091-0F518CB7AF53}.Debug|Any CPU.ActiveCfg = Debug|Any CPU
		{EB865B0E-BFCF-4072-9091-0F518CB7AF53}.Debug|Any CPU.Build.0 = Debug|Any CPU
		{EB865B0E-BFCF-4072-9091-0F518CB7AF53}.Release|Any CPU.ActiveCfg = Release|Any CPU
		{EB865B0E-BFCF-4072-9091-0F518CB7AF53}.Release|Any CPU.Build.0 = Release|Any CPU
		{EB865B0E-BFCF-4072-9091-0F518CB7AF53}.Debug|iPhoneSimulator.ActiveCfg = Debug|Any CPU
		{EB865B0E-BFCF-4072-9091-0F518CB7AF53}.Debug|iPhoneSimulator.Build.0 = Debug|Any CPU
		{EB865B0E-BFCF-4072-9091-0F518CB7AF53}.Release|iPhoneSimulator.ActiveCfg = Release|Any CPU
		{EB865B0E-BFCF-4072-9091-0F518CB7AF53}.Release|iPhoneSimulator.Build.0 = Release|Any CPU
		{EB865B0E-BFCF-4072-9091-0F518CB7AF53}.Debug|iPhone.ActiveCfg = Debug|Any CPU
		{EB865B0E-BFCF-4072-9091-0F518CB7AF53}.Debug|iPhone.Build.0 = Debug|Any CPU
		{EB865B0E-BFCF-4072-9091-0F518CB7AF53}.Release|iPhone.ActiveCfg = Release|Any CPU
		{EB865B0E-BFCF-4072-9091-0F518CB7AF53}.Release|iPhone.Build.0 = Release|Any CPU
	EndGlobalSection
	GlobalSection(MonoDevelopProperties) = preSolution
		Policies = $0
		$0.DotNetNamingPolicy = $1
		$1.DirectoryNamespaceAssociation = PrefixedHierarchical
		version = 2.0.0
	EndGlobalSection
	GlobalSection(NestedProjects) = preSolution
		{E9E31164-0CDC-4A33-ADFA-13A81FEAA0A2} = {DF360C9F-3983-46E2-BF93-F46A6E1C951F}
		{BBB51D3E-95BA-48AE-8420-14BDBABD2291} = {DF360C9F-3983-46E2-BF93-F46A6E1C951F}
		{A2E1C14C-750B-4342-A308-497D7125B00E} = {DF360C9F-3983-46E2-BF93-F46A6E1C951F}
		{A02D6E78-9356-4097-854E-0E3AFA9271DF} = {DF360C9F-3983-46E2-BF93-F46A6E1C951F}
		{B47A4DC4-0F65-42FC-B4E7-2374AE36A34F} = {DF360C9F-3983-46E2-BF93-F46A6E1C951F}
		{EB865B0E-BFCF-4072-9091-0F518CB7AF53} = {6886FA02-273C-4C27-BFD9-1A1FA2668699}
	EndGlobalSection
EndGlobal
