
Microsoft Visual Studio Solution File, Format Version 12.00
# Visual Studio 15
Project("{FAE04EC0-301F-11D3-BF4B-00C04F79EFBC}") = "TrustKit.Xamarin.iOS", "TrustKit.Xamarin.iOS\TrustKit.Xamarin.iOS.csproj", "{01E609E1-2317-44DF-A535-66398442AD48}"
EndProject
Project("{FAE04EC0-301F-11D3-BF4B-00C04F79EFBC}") = "TrustKit.Xamarin.Android", "TrustKit.Xamarin.Android\TrustKit.Xamarin.Android.csproj", "{70CF3C36-745D-4FBE-9C6D-29906A58DE3A}"
EndProject
Project("{FAE04EC0-301F-11D3-BF4B-00C04F79EFBC}") = "TrustKit.Forms.Android", "Trustkit.Forms.Android\Trustkit.Forms.Android.csproj", "{15B4A01D-6C90-424E-8949-63B9D18C7FF9}"
EndProject
Project("{FAE04EC0-301F-11D3-BF4B-00C04F79EFBC}") = "TrustKit.Forms.iOS", "Trustkit.Forms.iOS\Trustkit.Forms.iOS.csproj", "{224618D4-AFC8-438F-8893-388D56EF42DB}"
EndProject
Project("{FAE04EC0-301F-11D3-BF4B-00C04F79EFBC}") = "TrustKit.Forms", "Trustkit.Forms\Trustkit.Forms.csproj", "{C0357CF6-CA38-4255-9FCB-0A6873B112AD}"
EndProject
Project("{FAE04EC0-301F-11D3-BF4B-00C04F79EFBC}") = "TrustKit.Xamarin.Core", "TrustKit.Xamarin.Core\TrustKit.Xamarin.Core.csproj", "{ABA61637-AF97-4552-9601-AB3E0D2467A3}"
EndProject
Project("{2150E333-8FDC-42A3-9474-1A3956D46DE8}") = "src", "src", "{6FDC8BD5-B50C-4D86-B252-8F5577C3A0D7}"
EndProject
Project("{2150E333-8FDC-42A3-9474-1A3956D46DE8}") = "sample", "sample", "{6886FA02-273C-4C27-BFD9-1A1FA2668699}"
EndProject
Global
	GlobalSection(SolutionConfigurationPlatforms) = preSolution
		Debug|Any CPU = Debug|Any CPU
		Release|Any CPU = Release|Any CPU
		Debug|iPhoneSimulator = Debug|iPhoneSimulator
		Release|iPhoneSimulator = Release|iPhoneSimulator
		Debug|iPhone = Debug|iPhone
		Release|iPhone = Release|iPhone
	EndGlobalSection
	GlobalSection(ProjectConfigurationPlatforms) = postSolution
		{01E609E1-2317-44DF-A535-66398442AD48}.Debug|Any CPU.ActiveCfg = Debug|Any CPU
		{01E609E1-2317-44DF-A535-66398442AD48}.Debug|Any CPU.Build.0 = Debug|Any CPU
		{01E609E1-2317-44DF-A535-66398442AD48}.Release|Any CPU.ActiveCfg = Release|Any CPU
		{01E609E1-2317-44DF-A535-66398442AD48}.Release|Any CPU.Build.0 = Release|Any CPU
		{01E609E1-2317-44DF-A535-66398442AD48}.Debug|iPhoneSimulator.ActiveCfg = Debug|Any CPU
		{01E609E1-2317-44DF-A535-66398442AD48}.Debug|iPhoneSimulator.Build.0 = Debug|Any CPU
		{01E609E1-2317-44DF-A535-66398442AD48}.Release|iPhoneSimulator.ActiveCfg = Release|Any CPU
		{01E609E1-2317-44DF-A535-66398442AD48}.Release|iPhoneSimulator.Build.0 = Release|Any CPU
		{01E609E1-2317-44DF-A535-66398442AD48}.Debug|iPhone.ActiveCfg = Debug|Any CPU
		{01E609E1-2317-44DF-A535-66398442AD48}.Debug|iPhone.Build.0 = Debug|Any CPU
		{01E609E1-2317-44DF-A535-66398442AD48}.Release|iPhone.ActiveCfg = Release|Any CPU
		{01E609E1-2317-44DF-A535-66398442AD48}.Release|iPhone.Build.0 = Release|Any CPU
		{70CF3C36-745D-4FBE-9C6D-29906A58DE3A}.Debug|Any CPU.ActiveCfg = Debug|Any CPU
		{70CF3C36-745D-4FBE-9C6D-29906A58DE3A}.Debug|Any CPU.Build.0 = Debug|Any CPU
		{70CF3C36-745D-4FBE-9C6D-29906A58DE3A}.Release|Any CPU.ActiveCfg = Release|Any CPU
		{70CF3C36-745D-4FBE-9C6D-29906A58DE3A}.Release|Any CPU.Build.0 = Release|Any CPU
		{70CF3C36-745D-4FBE-9C6D-29906A58DE3A}.Debug|iPhoneSimulator.ActiveCfg = Debug|Any CPU
		{70CF3C36-745D-4FBE-9C6D-29906A58DE3A}.Release|iPhoneSimulator.ActiveCfg = Release|Any CPU
		{70CF3C36-745D-4FBE-9C6D-29906A58DE3A}.Debug|iPhone.ActiveCfg = Debug|Any CPU
		{70CF3C36-745D-4FBE-9C6D-29906A58DE3A}.Release|iPhone.ActiveCfg = Release|Any CPU
		{70CF3C36-745D-4FBE-9C6D-29906A58DE3A}.Debug|iPhoneSimulator.Build.0 = Debug|Any CPU
		{70CF3C36-745D-4FBE-9C6D-29906A58DE3A}.Release|iPhoneSimulator.Build.0 = Release|Any CPU
		{70CF3C36-745D-4FBE-9C6D-29906A58DE3A}.Debug|iPhone.Build.0 = Debug|Any CPU
		{70CF3C36-745D-4FBE-9C6D-29906A58DE3A}.Release|iPhone.Build.0 = Release|Any CPU
		{15B4A01D-6C90-424E-8949-63B9D18C7FF9}.Debug|Any CPU.ActiveCfg = Debug|Any CPU
		{15B4A01D-6C90-424E-8949-63B9D18C7FF9}.Debug|Any CPU.Build.0 = Debug|Any CPU
		{15B4A01D-6C90-424E-8949-63B9D18C7FF9}.Release|Any CPU.ActiveCfg = Release|Any CPU
		{15B4A01D-6C90-424E-8949-63B9D18C7FF9}.Release|Any CPU.Build.0 = Release|Any CPU
		{15B4A01D-6C90-424E-8949-63B9D18C7FF9}.Debug|iPhoneSimulator.ActiveCfg = Debug|Any CPU
		{15B4A01D-6C90-424E-8949-63B9D18C7FF9}.Release|iPhoneSimulator.ActiveCfg = Release|Any CPU
		{15B4A01D-6C90-424E-8949-63B9D18C7FF9}.Debug|iPhone.ActiveCfg = Debug|Any CPU
		{15B4A01D-6C90-424E-8949-63B9D18C7FF9}.Release|iPhone.ActiveCfg = Release|Any CPU
		{224618D4-AFC8-438F-8893-388D56EF42DB}.Debug|Any CPU.ActiveCfg = Debug|iPhoneSimulator
		{224618D4-AFC8-438F-8893-388D56EF42DB}.Release|Any CPU.ActiveCfg = Release|iPhoneSimulator
		{224618D4-AFC8-438F-8893-388D56EF42DB}.Debug|iPhoneSimulator.ActiveCfg = Debug|iPhoneSimulator
		{224618D4-AFC8-438F-8893-388D56EF42DB}.Debug|iPhoneSimulator.Build.0 = Debug|iPhoneSimulator
		{224618D4-AFC8-438F-8893-388D56EF42DB}.Release|iPhoneSimulator.ActiveCfg = Release|iPhoneSimulator
		{224618D4-AFC8-438F-8893-388D56EF42DB}.Release|iPhoneSimulator.Build.0 = Release|iPhoneSimulator
		{224618D4-AFC8-438F-8893-388D56EF42DB}.Debug|iPhone.ActiveCfg = Debug|iPhone
		{224618D4-AFC8-438F-8893-388D56EF42DB}.Debug|iPhone.Build.0 = Debug|iPhone
		{224618D4-AFC8-438F-8893-388D56EF42DB}.Release|iPhone.ActiveCfg = Release|iPhone
		{224618D4-AFC8-438F-8893-388D56EF42DB}.Release|iPhone.Build.0 = Release|iPhone
		{C0357CF6-CA38-4255-9FCB-0A6873B112AD}.Debug|Any CPU.ActiveCfg = Debug|Any CPU
		{C0357CF6-CA38-4255-9FCB-0A6873B112AD}.Debug|Any CPU.Build.0 = Debug|Any CPU
		{C0357CF6-CA38-4255-9FCB-0A6873B112AD}.Release|Any CPU.ActiveCfg = Release|Any CPU
		{C0357CF6-CA38-4255-9FCB-0A6873B112AD}.Release|Any CPU.Build.0 = Release|Any CPU
		{C0357CF6-CA38-4255-9FCB-0A6873B112AD}.Debug|iPhoneSimulator.ActiveCfg = Debug|Any CPU
		{C0357CF6-CA38-4255-9FCB-0A6873B112AD}.Debug|iPhoneSimulator.Build.0 = Debug|Any CPU
		{C0357CF6-CA38-4255-9FCB-0A6873B112AD}.Release|iPhoneSimulator.ActiveCfg = Release|Any CPU
		{C0357CF6-CA38-4255-9FCB-0A6873B112AD}.Release|iPhoneSimulator.Build.0 = Release|Any CPU
		{C0357CF6-CA38-4255-9FCB-0A6873B112AD}.Debug|iPhone.ActiveCfg = Debug|Any CPU
		{C0357CF6-CA38-4255-9FCB-0A6873B112AD}.Debug|iPhone.Build.0 = Debug|Any CPU
		{C0357CF6-CA38-4255-9FCB-0A6873B112AD}.Release|iPhone.ActiveCfg = Release|Any CPU
		{C0357CF6-CA38-4255-9FCB-0A6873B112AD}.Release|iPhone.Build.0 = Release|Any CPU
		{ABA61637-AF97-4552-9601-AB3E0D2467A3}.Debug|Any CPU.ActiveCfg = Debug|Any CPU
		{ABA61637-AF97-4552-9601-AB3E0D2467A3}.Debug|Any CPU.Build.0 = Debug|Any CPU
		{ABA61637-AF97-4552-9601-AB3E0D2467A3}.Release|Any CPU.ActiveCfg = Release|Any CPU
		{ABA61637-AF97-4552-9601-AB3E0D2467A3}.Release|Any CPU.Build.0 = Release|Any CPU
		{ABA61637-AF97-4552-9601-AB3E0D2467A3}.Debug|iPhoneSimulator.ActiveCfg = Debug|Any CPU
		{ABA61637-AF97-4552-9601-AB3E0D2467A3}.Debug|iPhoneSimulator.Build.0 = Debug|Any CPU
		{ABA61637-AF97-4552-9601-AB3E0D2467A3}.Release|iPhoneSimulator.ActiveCfg = Release|Any CPU
		{ABA61637-AF97-4552-9601-AB3E0D2467A3}.Release|iPhoneSimulator.Build.0 = Release|Any CPU
		{ABA61637-AF97-4552-9601-AB3E0D2467A3}.Debug|iPhone.ActiveCfg = Debug|Any CPU
		{ABA61637-AF97-4552-9601-AB3E0D2467A3}.Debug|iPhone.Build.0 = Debug|Any CPU
		{ABA61637-AF97-4552-9601-AB3E0D2467A3}.Release|iPhone.ActiveCfg = Release|Any CPU
		{ABA61637-AF97-4552-9601-AB3E0D2467A3}.Release|iPhone.Build.0 = Release|Any CPU
	EndGlobalSection
	GlobalSection(MonoDevelopProperties) = preSolution
		Policies = $0
		$0.DotNetNamingPolicy = $1
		$1.DirectoryNamespaceAssociation = PrefixedHierarchical
		version = 1.0.0.0
	EndGlobalSection
	GlobalSection(NestedProjects) = preSolution
		{70CF3C36-745D-4FBE-9C6D-29906A58DE3A} = {6FDC8BD5-B50C-4D86-B252-8F5577C3A0D7}
		{ABA61637-AF97-4552-9601-AB3E0D2467A3} = {6FDC8BD5-B50C-4D86-B252-8F5577C3A0D7}
		{01E609E1-2317-44DF-A535-66398442AD48} = {6FDC8BD5-B50C-4D86-B252-8F5577C3A0D7}
		{C0357CF6-CA38-4255-9FCB-0A6873B112AD} = {6886FA02-273C-4C27-BFD9-1A1FA2668699}
		{15B4A01D-6C90-424E-8949-63B9D18C7FF9} = {6886FA02-273C-4C27-BFD9-1A1FA2668699}
		{224618D4-AFC8-438F-8893-388D56EF42DB} = {6886FA02-273C-4C27-BFD9-1A1FA2668699}
	EndGlobalSection
EndGlobal
